// !$*UTF8*$!
{
	archiveVersion = 1;
	classes = {
	};
	objectVersion = 56;
	objects = {

/* Begin PBXBuildFile section */
		FB4B0CC02AAFE570004C516B /* AppDelegate.swift in Sources */ = {isa = PBXBuildFile; fileRef = FB4B0CBF2AAFE570004C516B /* AppDelegate.swift */; };
		FB4B0CC22AAFE570004C516B /* SceneDelegate.swift in Sources */ = {isa = PBXBuildFile; fileRef = FB4B0CC12AAFE570004C516B /* SceneDelegate.swift */; };
		FB4B0CCA2AAFE570004C516B /* InstaClone_CodeBase.xcdatamodeld in Sources */ = {isa = PBXBuildFile; fileRef = FB4B0CC82AAFE570004C516B /* InstaClone_CodeBase.xcdatamodeld */; };
		FB4B0CCC2AAFE571004C516B /* Assets.xcassets in Resources */ = {isa = PBXBuildFile; fileRef = FB4B0CCB2AAFE571004C516B /* Assets.xcassets */; };
		FB4B0CCF2AAFE571004C516B /* LaunchScreen.storyboard in Resources */ = {isa = PBXBuildFile; fileRef = FB4B0CCD2AAFE571004C516B /* LaunchScreen.storyboard */; };
		FB4B0CDE2AAFE86C004C516B /* TabBarController.swift in Sources */ = {isa = PBXBuildFile; fileRef = FB4B0CDB2AAFE86C004C516B /* TabBarController.swift */; };
		FB4B0CDF2AAFE86C004C516B /* ProfileViewController.swift in Sources */ = {isa = PBXBuildFile; fileRef = FB4B0CDC2AAFE86C004C516B /* ProfileViewController.swift */; };
		FB4B0CE02AAFE86C004C516B /* TodoViewController.swift in Sources */ = {isa = PBXBuildFile; fileRef = FB4B0CDD2AAFE86C004C516B /* TodoViewController.swift */; };
		FB4B0CE32AAFE94D004C516B /* SnapKit in Frameworks */ = {isa = PBXBuildFile; productRef = FB4B0CE22AAFE94D004C516B /* SnapKit */; };
		FB576D982AB17A2000541728 /* TodoTableViewCell.swift in Sources */ = {isa = PBXBuildFile; fileRef = FB576D972AB17A2000541728 /* TodoTableViewCell.swift */; };
		FB576D9B2AB1B7E500541728 /* TodoViewModel.swift in Sources */ = {isa = PBXBuildFile; fileRef = FB576D9A2AB1B7E500541728 /* TodoViewModel.swift */; };
		FB9409712AB28B0E00CB930F /* ProfileViewModel.swift in Sources */ = {isa = PBXBuildFile; fileRef = FB9409702AB28B0E00CB930F /* ProfileViewModel.swift */; };
		FB9409732AB298D300CB930F /* ProfileImageStackView.swift in Sources */ = {isa = PBXBuildFile; fileRef = FB9409722AB298D300CB930F /* ProfileImageStackView.swift */; };
/* End PBXBuildFile section */

/* Begin PBXFileReference section */
		FB4B0CBC2AAFE570004C516B /* InstaClone_CodeBase.app */ = {isa = PBXFileReference; explicitFileType = wrapper.application; includeInIndex = 0; path = InstaClone_CodeBase.app; sourceTree = BUILT_PRODUCTS_DIR; };
		FB4B0CBF2AAFE570004C516B /* AppDelegate.swift */ = {isa = PBXFileReference; lastKnownFileType = sourcecode.swift; path = AppDelegate.swift; sourceTree = "<group>"; };
		FB4B0CC12AAFE570004C516B /* SceneDelegate.swift */ = {isa = PBXFileReference; lastKnownFileType = sourcecode.swift; path = SceneDelegate.swift; sourceTree = "<group>"; };
		FB4B0CC92AAFE570004C516B /* InstaClone_CodeBase.xcdatamodel */ = {isa = PBXFileReference; lastKnownFileType = wrapper.xcdatamodel; path = InstaClone_CodeBase.xcdatamodel; sourceTree = "<group>"; };
		FB4B0CCB2AAFE571004C516B /* Assets.xcassets */ = {isa = PBXFileReference; lastKnownFileType = folder.assetcatalog; path = Assets.xcassets; sourceTree = "<group>"; };
		FB4B0CCE2AAFE571004C516B /* Base */ = {isa = PBXFileReference; lastKnownFileType = file.storyboard; name = Base; path = Base.lproj/LaunchScreen.storyboard; sourceTree = "<group>"; };
		FB4B0CD02AAFE571004C516B /* Info.plist */ = {isa = PBXFileReference; lastKnownFileType = text.plist.xml; path = Info.plist; sourceTree = "<group>"; };
		FB4B0CDB2AAFE86C004C516B /* TabBarController.swift */ = {isa = PBXFileReference; fileEncoding = 4; lastKnownFileType = sourcecode.swift; path = TabBarController.swift; sourceTree = "<group>"; };
		FB4B0CDC2AAFE86C004C516B /* ProfileViewController.swift */ = {isa = PBXFileReference; fileEncoding = 4; lastKnownFileType = sourcecode.swift; path = ProfileViewController.swift; sourceTree = "<group>"; };
		FB4B0CDD2AAFE86C004C516B /* TodoViewController.swift */ = {isa = PBXFileReference; fileEncoding = 4; lastKnownFileType = sourcecode.swift; path = TodoViewController.swift; sourceTree = "<group>"; };
		FB576D972AB17A2000541728 /* TodoTableViewCell.swift */ = {isa = PBXFileReference; lastKnownFileType = sourcecode.swift; path = TodoTableViewCell.swift; sourceTree = "<group>"; };
		FB576D9A2AB1B7E500541728 /* TodoViewModel.swift */ = {isa = PBXFileReference; lastKnownFileType = sourcecode.swift; path = TodoViewModel.swift; sourceTree = "<group>"; };
		FB9409702AB28B0E00CB930F /* ProfileViewModel.swift */ = {isa = PBXFileReference; lastKnownFileType = sourcecode.swift; path = ProfileViewModel.swift; sourceTree = "<group>"; };
		FB9409722AB298D300CB930F /* ProfileImageStackView.swift */ = {isa = PBXFileReference; lastKnownFileType = sourcecode.swift; path = ProfileImageStackView.swift; sourceTree = "<group>"; };
/* End PBXFileReference section */

/* Begin PBXFrameworksBuildPhase section */
		FB4B0CB92AAFE570004C516B /* Frameworks */ = {
			isa = PBXFrameworksBuildPhase;
			buildActionMask = 2147483647;
			files = (
				FB4B0CE32AAFE94D004C516B /* SnapKit in Frameworks */,
			);
			runOnlyForDeploymentPostprocessing = 0;
		};
/* End PBXFrameworksBuildPhase section */

/* Begin PBXGroup section */
		FB4B0CB32AAFE56F004C516B = {
			isa = PBXGroup;
			children = (
				FB4B0CBE2AAFE570004C516B /* InstaClone_CodeBase */,
				FB4B0CBD2AAFE570004C516B /* Products */,
			);
			sourceTree = "<group>";
		};
		FB4B0CBD2AAFE570004C516B /* Products */ = {
			isa = PBXGroup;
			children = (
				FB4B0CBC2AAFE570004C516B /* InstaClone_CodeBase.app */,
			);
			name = Products;
			sourceTree = "<group>";
		};
		FB4B0CBE2AAFE570004C516B /* InstaClone_CodeBase */ = {
			isa = PBXGroup;
			children = (
				FB576D992AB1B7CC00541728 /* ViewModel */,
				FB4B0CD82AAFE5FD004C516B /* View */,
				FB4B0CD72AAFE5F2004C516B /* Model */,
				FB4B0CD62AAFE5D8004C516B /* Resources */,
				FB4B0CD02AAFE571004C516B /* Info.plist */,
			);
			path = InstaClone_CodeBase;
			sourceTree = "<group>";
		};
		FB4B0CD62AAFE5D8004C516B /* Resources */ = {
			isa = PBXGroup;
			children = (
				FB4B0CBF2AAFE570004C516B /* AppDelegate.swift */,
				FB4B0CC12AAFE570004C516B /* SceneDelegate.swift */,
				FB4B0CCB2AAFE571004C516B /* Assets.xcassets */,
			);
			path = Resources;
			sourceTree = "<group>";
		};
		FB4B0CD72AAFE5F2004C516B /* Model */ = {
			isa = PBXGroup;
			children = (
				FB4B0CC82AAFE570004C516B /* InstaClone_CodeBase.xcdatamodeld */,
			);
			path = Model;
			sourceTree = "<group>";
		};
		FB4B0CD82AAFE5FD004C516B /* View */ = {
			isa = PBXGroup;
			children = (
				FB94096F2AB28AA300CB930F /* Todo */,
				FB94096E2AB28A9800CB930F /* Profile */,
				FB4B0CDB2AAFE86C004C516B /* TabBarController.swift */,
				FB4B0CDA2AAFE628004C516B /* Base.Iproj */,
			);
			path = View;
			sourceTree = "<group>";
		};
		FB4B0CDA2AAFE628004C516B /* Base.Iproj */ = {
			isa = PBXGroup;
			children = (
				FB4B0CCD2AAFE571004C516B /* LaunchScreen.storyboard */,
			);
			path = Base.Iproj;
			sourceTree = "<group>";
		};
		FB576D992AB1B7CC00541728 /* ViewModel */ = {
			isa = PBXGroup;
			children = (
				FB576D9A2AB1B7E500541728 /* TodoViewModel.swift */,
				FB9409702AB28B0E00CB930F /* ProfileViewModel.swift */,
			);
			path = ViewModel;
			sourceTree = "<group>";
		};
		FB94096E2AB28A9800CB930F /* Profile */ = {
			isa = PBXGroup;
			children = (
				FB4B0CDC2AAFE86C004C516B /* ProfileViewController.swift */,
				FB9409722AB298D300CB930F /* ProfileImageStackView.swift */,
			);
			path = Profile;
			sourceTree = "<group>";
		};
		FB94096F2AB28AA300CB930F /* Todo */ = {
			isa = PBXGroup;
			children = (
				FB576D972AB17A2000541728 /* TodoTableViewCell.swift */,
				FB4B0CDD2AAFE86C004C516B /* TodoViewController.swift */,
			);
			path = Todo;
			sourceTree = "<group>";
		};
/* End PBXGroup section */

/* Begin PBXNativeTarget section */
		FB4B0CBB2AAFE570004C516B /* InstaClone_CodeBase */ = {
			isa = PBXNativeTarget;
			buildConfigurationList = FB4B0CD32AAFE571004C516B /* Build configuration list for PBXNativeTarget "InstaClone_CodeBase" */;
			buildPhases = (
				FB4B0CB82AAFE570004C516B /* Sources */,
				FB4B0CB92AAFE570004C516B /* Frameworks */,
				FB4B0CBA2AAFE570004C516B /* Resources */,
			);
			buildRules = (
			);
			dependencies = (
			);
			name = InstaClone_CodeBase;
			packageProductDependencies = (
				FB4B0CE22AAFE94D004C516B /* SnapKit */,
			);
			productName = InstaClone_CodeBase;
			productReference = FB4B0CBC2AAFE570004C516B /* InstaClone_CodeBase.app */;
			productType = "com.apple.product-type.application";
		};
/* End PBXNativeTarget section */

/* Begin PBXProject section */
		FB4B0CB42AAFE56F004C516B /* Project object */ = {
			isa = PBXProject;
			attributes = {
				BuildIndependentTargetsInParallel = 1;
				LastSwiftUpdateCheck = 1430;
				LastUpgradeCheck = 1430;
				TargetAttributes = {
					FB4B0CBB2AAFE570004C516B = {
						CreatedOnToolsVersion = 14.3.1;
					};
				};
			};
			buildConfigurationList = FB4B0CB72AAFE56F004C516B /* Build configuration list for PBXProject "InstaClone_CodeBase" */;
			compatibilityVersion = "Xcode 14.0";
			developmentRegion = en;
			hasScannedForEncodings = 0;
			knownRegions = (
				en,
				Base,
			);
			mainGroup = FB4B0CB32AAFE56F004C516B;
			packageReferences = (
				FB4B0CE12AAFE94D004C516B /* XCRemoteSwiftPackageReference "SnapKit" */,
			);
			productRefGroup = FB4B0CBD2AAFE570004C516B /* Products */;
			projectDirPath = "";
			projectRoot = "";
			targets = (
				FB4B0CBB2AAFE570004C516B /* InstaClone_CodeBase */,
			);
		};
/* End PBXProject section */

/* Begin PBXResourcesBuildPhase section */
		FB4B0CBA2AAFE570004C516B /* Resources */ = {
			isa = PBXResourcesBuildPhase;
			buildActionMask = 2147483647;
			files = (
				FB4B0CCF2AAFE571004C516B /* LaunchScreen.storyboard in Resources */,
				FB4B0CCC2AAFE571004C516B /* Assets.xcassets in Resources */,
			);
			runOnlyForDeploymentPostprocessing = 0;
		};
/* End PBXResourcesBuildPhase section */

/* Begin PBXSourcesBuildPhase section */
		FB4B0CB82AAFE570004C516B /* Sources */ = {
			isa = PBXSourcesBuildPhase;
			buildActionMask = 2147483647;
			files = (
				FB576D9B2AB1B7E500541728 /* TodoViewModel.swift in Sources */,
				FB4B0CE02AAFE86C004C516B /* TodoViewController.swift in Sources */,
				FB4B0CDF2AAFE86C004C516B /* ProfileViewController.swift in Sources */,
				FB9409712AB28B0E00CB930F /* ProfileViewModel.swift in Sources */,
				FB576D982AB17A2000541728 /* TodoTableViewCell.swift in Sources */,
				FB4B0CC02AAFE570004C516B /* AppDelegate.swift in Sources */,
				FB4B0CCA2AAFE570004C516B /* InstaClone_CodeBase.xcdatamodeld in Sources */,
				FB4B0CDE2AAFE86C004C516B /* TabBarController.swift in Sources */,
				FB4B0CC22AAFE570004C516B /* SceneDelegate.swift in Sources */,
				FB9409732AB298D300CB930F /* ProfileImageStackView.swift in Sources */,
			);
			runOnlyForDeploymentPostprocessing = 0;
		};
/* End PBXSourcesBuildPhase section */

/* Begin PBXVariantGroup section */
		FB4B0CCD2AAFE571004C516B /* LaunchScreen.storyboard */ = {
			isa = PBXVariantGroup;
			children = (
				FB4B0CCE2AAFE571004C516B /* Base */,
			);
			name = LaunchScreen.storyboard;
			sourceTree = "<group>";
		};
/* End PBXVariantGroup section */

/* Begin XCBuildConfiguration section */
		FB4B0CD12AAFE571004C516B /* Debug */ = {
			isa = XCBuildConfiguration;
			buildSettings = {
				ALWAYS_SEARCH_USER_PATHS = NO;
				CLANG_ANALYZER_NONNULL = YES;
				CLANG_ANALYZER_NUMBER_OBJECT_CONVERSION = YES_AGGRESSIVE;
				CLANG_CXX_LANGUAGE_STANDARD = "gnu++20";
				CLANG_ENABLE_MODULES = YES;
				CLANG_ENABLE_OBJC_ARC = YES;
				CLANG_ENABLE_OBJC_WEAK = YES;
				CLANG_WARN_BLOCK_CAPTURE_AUTORELEASING = YES;
				CLANG_WARN_BOOL_CONVERSION = YES;
				CLANG_WARN_COMMA = YES;
				CLANG_WARN_CONSTANT_CONVERSION = YES;
				CLANG_WARN_DEPRECATED_OBJC_IMPLEMENTATIONS = YES;
				CLANG_WARN_DIRECT_OBJC_ISA_USAGE = YES_ERROR;
				CLANG_WARN_DOCUMENTATION_COMMENTS = YES;
				CLANG_WARN_EMPTY_BODY = YES;
				CLANG_WARN_ENUM_CONVERSION = YES;
				CLANG_WARN_INFINITE_RECURSION = YES;
				CLANG_WARN_INT_CONVERSION = YES;
				CLANG_WARN_NON_LITERAL_NULL_CONVERSION = YES;
				CLANG_WARN_OBJC_IMPLICIT_RETAIN_SELF = YES;
				CLANG_WARN_OBJC_LITERAL_CONVERSION = YES;
				CLANG_WARN_OBJC_ROOT_CLASS = YES_ERROR;
				CLANG_WARN_QUOTED_INCLUDE_IN_FRAMEWORK_HEADER = YES;
				CLANG_WARN_RANGE_LOOP_ANALYSIS = YES;
				CLANG_WARN_STRICT_PROTOTYPES = YES;
				CLANG_WARN_SUSPICIOUS_MOVE = YES;
				CLANG_WARN_UNGUARDED_AVAILABILITY = YES_AGGRESSIVE;
				CLANG_WARN_UNREACHABLE_CODE = YES;
				CLANG_WARN__DUPLICATE_METHOD_MATCH = YES;
				COPY_PHASE_STRIP = NO;
				DEBUG_INFORMATION_FORMAT = dwarf;
				ENABLE_STRICT_OBJC_MSGSEND = YES;
				ENABLE_TESTABILITY = YES;
				GCC_C_LANGUAGE_STANDARD = gnu11;
				GCC_DYNAMIC_NO_PIC = NO;
				GCC_NO_COMMON_BLOCKS = YES;
				GCC_OPTIMIZATION_LEVEL = 0;
				GCC_PREPROCESSOR_DEFINITIONS = (
					"DEBUG=1",
					"$(inherited)",
				);
				GCC_WARN_64_TO_32_BIT_CONVERSION = YES;
				GCC_WARN_ABOUT_RETURN_TYPE = YES_ERROR;
				GCC_WARN_UNDECLARED_SELECTOR = YES;
				GCC_WARN_UNINITIALIZED_AUTOS = YES_AGGRESSIVE;
				GCC_WARN_UNUSED_FUNCTION = YES;
				GCC_WARN_UNUSED_VARIABLE = YES;
				IPHONEOS_DEPLOYMENT_TARGET = 16.4;
				MTL_ENABLE_DEBUG_INFO = INCLUDE_SOURCE;
				MTL_FAST_MATH = YES;
				ONLY_ACTIVE_ARCH = YES;
				SDKROOT = iphoneos;
				SWIFT_ACTIVE_COMPILATION_CONDITIONS = DEBUG;
				SWIFT_OPTIMIZATION_LEVEL = "-Onone";
			};
			name = Debug;
		};
		FB4B0CD22AAFE571004C516B /* Release */ = {
			isa = XCBuildConfiguration;
			buildSettings = {
				ALWAYS_SEARCH_USER_PATHS = NO;
				CLANG_ANALYZER_NONNULL = YES;
				CLANG_ANALYZER_NUMBER_OBJECT_CONVERSION = YES_AGGRESSIVE;
				CLANG_CXX_LANGUAGE_STANDARD = "gnu++20";
				CLANG_ENABLE_MODULES = YES;
				CLANG_ENABLE_OBJC_ARC = YES;
				CLANG_ENABLE_OBJC_WEAK = YES;
				CLANG_WARN_BLOCK_CAPTURE_AUTORELEASING = YES;
				CLANG_WARN_BOOL_CONVERSION = YES;
				CLANG_WARN_COMMA = YES;
				CLANG_WARN_CONSTANT_CONVERSION = YES;
				CLANG_WARN_DEPRECATED_OBJC_IMPLEMENTATIONS = YES;
				CLANG_WARN_DIRECT_OBJC_ISA_USAGE = YES_ERROR;
				CLANG_WARN_DOCUMENTATION_COMMENTS = YES;
				CLANG_WARN_EMPTY_BODY = YES;
				CLANG_WARN_ENUM_CONVERSION = YES;
				CLANG_WARN_INFINITE_RECURSION = YES;
				CLANG_WARN_INT_CONVERSION = YES;
				CLANG_WARN_NON_LITERAL_NULL_CONVERSION = YES;
				CLANG_WARN_OBJC_IMPLICIT_RETAIN_SELF = YES;
				CLANG_WARN_OBJC_LITERAL_CONVERSION = YES;
				CLANG_WARN_OBJC_ROOT_CLASS = YES_ERROR;
				CLANG_WARN_QUOTED_INCLUDE_IN_FRAMEWORK_HEADER = YES;
				CLANG_WARN_RANGE_LOOP_ANALYSIS = YES;
				CLANG_WARN_STRICT_PROTOTYPES = YES;
				CLANG_WARN_SUSPICIOUS_MOVE = YES;
				CLANG_WARN_UNGUARDED_AVAILABILITY = YES_AGGRESSIVE;
				CLANG_WARN_UNREACHABLE_CODE = YES;
				CLANG_WARN__DUPLICATE_METHOD_MATCH = YES;
				COPY_PHASE_STRIP = NO;
				DEBUG_INFORMATION_FORMAT = "dwarf-with-dsym";
				ENABLE_NS_ASSERTIONS = NO;
				ENABLE_STRICT_OBJC_MSGSEND = YES;
				GCC_C_LANGUAGE_STANDARD = gnu11;
				GCC_NO_COMMON_BLOCKS = YES;
				GCC_WARN_64_TO_32_BIT_CONVERSION = YES;
				GCC_WARN_ABOUT_RETURN_TYPE = YES_ERROR;
				GCC_WARN_UNDECLARED_SELECTOR = YES;
				GCC_WARN_UNINITIALIZED_AUTOS = YES_AGGRESSIVE;
				GCC_WARN_UNUSED_FUNCTION = YES;
				GCC_WARN_UNUSED_VARIABLE = YES;
				IPHONEOS_DEPLOYMENT_TARGET = 16.4;
				MTL_ENABLE_DEBUG_INFO = NO;
				MTL_FAST_MATH = YES;
				SDKROOT = iphoneos;
				SWIFT_COMPILATION_MODE = wholemodule;
				SWIFT_OPTIMIZATION_LEVEL = "-O";
				VALIDATE_PRODUCT = YES;
			};
			name = Release;
		};
		FB4B0CD42AAFE571004C516B /* Debug */ = {
			isa = XCBuildConfiguration;
			buildSettings = {
				ASSETCATALOG_COMPILER_APPICON_NAME = AppIcon;
				ASSETCATALOG_COMPILER_GLOBAL_ACCENT_COLOR_NAME = AccentColor;
				CODE_SIGN_STYLE = Automatic;
				CURRENT_PROJECT_VERSION = 1;
				DEVELOPMENT_TEAM = V7K58MBUV9;
				GENERATE_INFOPLIST_FILE = YES;
				INFOPLIST_FILE = InstaClone_CodeBase/Info.plist;
				INFOPLIST_KEY_UIApplicationSupportsIndirectInputEvents = YES;
				INFOPLIST_KEY_UILaunchStoryboardName = LaunchScreen;
				INFOPLIST_KEY_UIMainStoryboardFile = "";
				INFOPLIST_KEY_UIStatusBarStyle = "";
				INFOPLIST_KEY_UISupportedInterfaceOrientations_iPad = "UIInterfaceOrientationPortrait UIInterfaceOrientationPortraitUpsideDown UIInterfaceOrientationLandscapeLeft UIInterfaceOrientationLandscapeRight";
				INFOPLIST_KEY_UISupportedInterfaceOrientations_iPhone = "UIInterfaceOrientationPortrait UIInterfaceOrientationLandscapeLeft UIInterfaceOrientationLandscapeRight";
				LD_RUNPATH_SEARCH_PATHS = (
					"$(inherited)",
					"@executable_path/Frameworks",
				);
				MARKETING_VERSION = 1.0;
				PRODUCT_BUNDLE_IDENTIFIER = "com.luna.InstaClone-CodeBase";
				PRODUCT_NAME = "$(TARGET_NAME)";
				SWIFT_EMIT_LOC_STRINGS = YES;
				SWIFT_VERSION = 5.0;
				TARGETED_DEVICE_FAMILY = "1,2";
			};
			name = Debug;
		};
		FB4B0CD52AAFE571004C516B /* Release */ = {
			isa = XCBuildConfiguration;
			buildSettings = {
				ASSETCATALOG_COMPILER_APPICON_NAME = AppIcon;
				ASSETCATALOG_COMPILER_GLOBAL_ACCENT_COLOR_NAME = AccentColor;
				CODE_SIGN_STYLE = Automatic;
				CURRENT_PROJECT_VERSION = 1;
				DEVELOPMENT_TEAM = V7K58MBUV9;
				GENERATE_INFOPLIST_FILE = YES;
				INFOPLIST_FILE = InstaClone_CodeBase/Info.plist;
				INFOPLIST_KEY_UIApplicationSupportsIndirectInputEvents = YES;
				INFOPLIST_KEY_UILaunchStoryboardName = LaunchScreen;
				INFOPLIST_KEY_UIMainStoryboardFile = "";
				INFOPLIST_KEY_UIStatusBarStyle = "";
				INFOPLIST_KEY_UISupportedInterfaceOrientations_iPad = "UIInterfaceOrientationPortrait UIInterfaceOrientationPortraitUpsideDown UIInterfaceOrientationLandscapeLeft UIInterfaceOrientationLandscapeRight";
				INFOPLIST_KEY_UISupportedInterfaceOrientations_iPhone = "UIInterfaceOrientationPortrait UIInterfaceOrientationLandscapeLeft UIInterfaceOrientationLandscapeRight";
				LD_RUNPATH_SEARCH_PATHS = (
					"$(inherited)",
					"@executable_path/Frameworks",
				);
				MARKETING_VERSION = 1.0;
				PRODUCT_BUNDLE_IDENTIFIER = "com.luna.InstaClone-CodeBase";
				PRODUCT_NAME = "$(TARGET_NAME)";
				SWIFT_EMIT_LOC_STRINGS = YES;
				SWIFT_VERSION = 5.0;
				TARGETED_DEVICE_FAMILY = "1,2";
			};
			name = Release;
		};
/* End XCBuildConfiguration section */

/* Begin XCConfigurationList section */
		FB4B0CB72AAFE56F004C516B /* Build configuration list for PBXProject "InstaClone_CodeBase" */ = {
			isa = XCConfigurationList;
			buildConfigurations = (
				FB4B0CD12AAFE571004C516B /* Debug */,
				FB4B0CD22AAFE571004C516B /* Release */,
			);
			defaultConfigurationIsVisible = 0;
			defaultConfigurationName = Release;
		};
		FB4B0CD32AAFE571004C516B /* Build configuration list for PBXNativeTarget "InstaClone_CodeBase" */ = {
			isa = XCConfigurationList;
			buildConfigurations = (
				FB4B0CD42AAFE571004C516B /* Debug */,
				FB4B0CD52AAFE571004C516B /* Release */,
			);
			defaultConfigurationIsVisible = 0;
			defaultConfigurationName = Release;
		};
/* End XCConfigurationList section */

/* Begin XCRemoteSwiftPackageReference section */
		FB4B0CE12AAFE94D004C516B /* XCRemoteSwiftPackageReference "SnapKit" */ = {
			isa = XCRemoteSwiftPackageReference;
			repositoryURL = "https://github.com/SnapKit/SnapKit";
			requirement = {
				kind = upToNextMajorVersion;
				minimumVersion = 5.0.0;
			};
		};
/* End XCRemoteSwiftPackageReference section */

/* Begin XCSwiftPackageProductDependency section */
		FB4B0CE22AAFE94D004C516B /* SnapKit */ = {
			isa = XCSwiftPackageProductDependency;
			package = FB4B0CE12AAFE94D004C516B /* XCRemoteSwiftPackageReference "SnapKit" */;
			productName = SnapKit;
		};
/* End XCSwiftPackageProductDependency section */

/* Begin XCVersionGroup section */
		FB4B0CC82AAFE570004C516B /* InstaClone_CodeBase.xcdatamodeld */ = {
			isa = XCVersionGroup;
			children = (
				FB4B0CC92AAFE570004C516B /* InstaClone_CodeBase.xcdatamodel */,
			);
			currentVersion = FB4B0CC92AAFE570004C516B /* InstaClone_CodeBase.xcdatamodel */;
			path = InstaClone_CodeBase.xcdatamodeld;
			sourceTree = "<group>";
			versionGroupType = wrapper.xcdatamodel;
		};
/* End XCVersionGroup section */
	};
	rootObject = FB4B0CB42AAFE56F004C516B /* Project object */;
}
